# THIS IS AN AUTOGENERATED FILE. DO NOT EDIT THIS FILE DIRECTLY.
# yarn lockfile v1


fsevents@~2.3.1:
  version "2.3.2"
  resolved "https://registry.yarnpkg.com/fsevents/-/fsevents-2.3.2.tgz#8a526f78b8fdf4623b709e0b975c52c24c02fd1a"
  integrity sha512-xiqMQR4xAeHTuB9uWm+fFRcIOgKBMiOBP+eXiyT7jsgVCq1bkVygt00oASowB7EdtpOHaaPgKt812P9ab+DDKA==

rollup@^2.45.2:
  version "2.45.2"
  resolved "https://registry.yarnpkg.com/rollup/-/rollup-2.45.2.tgz#8fb85917c9f35605720e92328f3ccbfba6f78b48"
  integrity sha512-kRRU7wXzFHUzBIv0GfoFFIN3m9oteY4uAsKllIpQDId5cfnkWF2J130l+27dzDju0E6MScKiV0ZM5Bw8m4blYQ==
  optionalDependencies:
    fsevents "~2.3.1"
